
Microsoft Visual Studio Solution File, Format Version 11.00
# Visual Studio 2010
Project("{FAE04EC0-301F-11D3-BF4B-00C04F79EFBC}") = "Assembly-CSharp", "Assembly-CSharp.csproj", "{91F533D2-ABC6-51CE-8426-B8894D6F0E1D}"
EndProject
Project("{FAE04EC0-301F-11D3-BF4B-00C04F79EFBC}") = "Unity.2D.Tilemap.Extras", "Unity.2D.Tilemap.Extras.csproj", "{70AE1583-955A-4EDF-3C34-DADD6542C526}"
EndProject
Project("{FAE04EC0-301F-11D3-BF4B-00C04F79EFBC}") = "Unity.2D.Tilemap.Extras.Editor", "Unity.2D.Tilemap.Extras.Editor.csproj", "{E6D57A72-514C-672F-1CB5-3717E44F3D34}"
EndProject
Global
	GlobalSection(SolutionConfigurationPlatforms) = preSolution
		Debug|Any CPU = Debug|Any CPU
		Release|Any CPU = Release|Any CPU
	EndGlobalSection
	GlobalSection(ProjectConfigurationPlatforms) = postSolution
		{91F533D2-ABC6-51CE-8426-B8894D6F0E1D}.Debug|Any CPU.ActiveCfg = Debug|Any CPU
		{91F533D2-ABC6-51CE-8426-B8894D6F0E1D}.Debug|Any CPU.Build.0 = Debug|Any CPU
		{91F533D2-ABC6-51CE-8426-B8894D6F0E1D}.Release|Any CPU.ActiveCfg = Release|Any CPU
		{91F533D2-ABC6-51CE-8426-B8894D6F0E1D}.Release|Any CPU.Build.0 = Release|Any CPU
		{70AE1583-955A-4EDF-3C34-DADD6542C526}.Debug|Any CPU.ActiveCfg = Debug|Any CPU
		{70AE1583-955A-4EDF-3C34-DADD6542C526}.Debug|Any CPU.Build.0 = Debug|Any CPU
		{70AE1583-955A-4EDF-3C34-DADD6542C526}.Release|Any CPU.ActiveCfg = Release|Any CPU
		{70AE1583-955A-4EDF-3C34-DADD6542C526}.Release|Any CPU.Build.0 = Release|Any CPU
		{E6D57A72-514C-672F-1CB5-3717E44F3D34}.Debug|Any CPU.ActiveCfg = Debug|Any CPU
		{E6D57A72-514C-672F-1CB5-3717E44F3D34}.Debug|Any CPU.Build.0 = Debug|Any CPU
		{E6D57A72-514C-672F-1CB5-3717E44F3D34}.Release|Any CPU.ActiveCfg = Release|Any CPU
		{E6D57A72-514C-672F-1CB5-3717E44F3D34}.Release|Any CPU.Build.0 = Release|Any CPU
	EndGlobalSection
	GlobalSection(SolutionProperties) = preSolution
		HideSolutionNode = FALSE
	EndGlobalSection
EndGlobal
